
Microsoft Visual Studio Solution File, Format Version 12.00
# Visual Studio 2013
VisualStudioVersion = 12.0.40629.0
MinimumVisualStudioVersion = 10.0.40219.1
Project("{8BC9CEB8-8B4A-11D0-8D11-00A0C91BC942}") = "klogger", "klogger\klogger.vcxproj", "{EAA82D79-FBC7-4C10-AA57-D80E276F1782}"
EndProject
Project("{8BC9CEB8-8B4A-11D0-8D11-00A0C91BC942}") = "klogger Package", "klogger Package\klogger Package.vcxproj", "{A1F67C1C-8649-468D-8E9A-9082D0145512}"
	ProjectSection(ProjectDependencies) = postProject
		{EAA82D79-FBC7-4C10-AA57-D80E276F1782} = {EAA82D79-FBC7-4C10-AA57-D80E276F1782}
	EndProjectSection
EndProject
Global
	GlobalSection(SolutionConfigurationPlatforms) = preSolution
		Win7 Debug|Win32 = Win7 Debug|Win32
		Win7 Debug|x64 = Win7 Debug|x64
		Win7 Release|Win32 = Win7 Release|Win32
		Win7 Release|x64 = Win7 Release|x64
		Win8 Debug|Win32 = Win8 Debug|Win32
		Win8 Debug|x64 = Win8 Debug|x64
		Win8 Release|Win32 = Win8 Release|Win32
		Win8 Release|x64 = Win8 Release|x64
		Win8.1 Debug|Win32 = Win8.1 Debug|Win32
		Win8.1 Debug|x64 = Win8.1 Debug|x64
		Win8.1 Release|Win32 = Win8.1 Release|Win32
		Win8.1 Release|x64 = Win8.1 Release|x64
	EndGlobalSection
	GlobalSection(ProjectConfigurationPlatforms) = postSolution
		{EAA82D79-FBC7-4C10-AA57-D80E276F1782}.Win7 Debug|Win32.ActiveCfg = Win7 Debug|Win32
		{EAA82D79-FBC7-4C10-AA57-D80E276F1782}.Win7 Debug|Win32.Build.0 = Win7 Debug|Win32
		{EAA82D79-FBC7-4C10-AA57-D80E276F1782}.Win7 Debug|Win32.Deploy.0 = Win7 Debug|Win32
		{EAA82D79-FBC7-4C10-AA57-D80E276F1782}.Win7 Debug|x64.ActiveCfg = Win7 Debug|x64
		{EAA82D79-FBC7-4C10-AA57-D80E276F1782}.Win7 Debug|x64.Build.0 = Win7 Debug|x64
		{EAA82D79-FBC7-4C10-AA57-D80E276F1782}.Win7 Debug|x64.Deploy.0 = Win7 Debug|x64
		{EAA82D79-FBC7-4C10-AA57-D80E276F1782}.Win7 Release|Win32.ActiveCfg = Win7 Release|Win32
		{EAA82D79-FBC7-4C10-AA57-D80E276F1782}.Win7 Release|Win32.Build.0 = Win7 Release|Win32
		{EAA82D79-FBC7-4C10-AA57-D80E276F1782}.Win7 Release|Win32.Deploy.0 = Win7 Release|Win32
		{EAA82D79-FBC7-4C10-AA57-D80E276F1782}.Win7 Release|x64.ActiveCfg = Win7 Release|x64
		{EAA82D79-FBC7-4C10-AA57-D80E276F1782}.Win7 Release|x64.Build.0 = Win7 Release|x64
		{EAA82D79-FBC7-4C10-AA57-D80E276F1782}.Win7 Release|x64.Deploy.0 = Win7 Release|x64
		{EAA82D79-FBC7-4C10-AA57-D80E276F1782}.Win8 Debug|Win32.ActiveCfg = Win8 Debug|Win32
		{EAA82D79-FBC7-4C10-AA57-D80E276F1782}.Win8 Debug|Win32.Build.0 = Win8 Debug|Win32
		{EAA82D79-FBC7-4C10-AA57-D80E276F1782}.Win8 Debug|Win32.Deploy.0 = Win8 Debug|Win32
		{EAA82D79-FBC7-4C10-AA57-D80E276F1782}.Win8 Debug|x64.ActiveCfg = Win8 Debug|x64
		{EAA82D79-FBC7-4C10-AA57-D80E276F1782}.Win8 Debug|x64.Build.0 = Win8 Debug|x64
		{EAA82D79-FBC7-4C10-AA57-D80E276F1782}.Win8 Debug|x64.Deploy.0 = Win8 Debug|x64
		{EAA82D79-FBC7-4C10-AA57-D80E276F1782}.Win8 Release|Win32.ActiveCfg = Win8 Release|Win32
		{EAA82D79-FBC7-4C10-AA57-D80E276F1782}.Win8 Release|Win32.Build.0 = Win8 Release|Win32
		{EAA82D79-FBC7-4C10-AA57-D80E276F1782}.Win8 Release|Win32.Deploy.0 = Win8 Release|Win32
		{EAA82D79-FBC7-4C10-AA57-D80E276F1782}.Win8 Release|x64.ActiveCfg = Win8 Release|x64
		{EAA82D79-FBC7-4C10-AA57-D80E276F1782}.Win8 Release|x64.Build.0 = Win8 Release|x64
		{EAA82D79-FBC7-4C10-AA57-D80E276F1782}.Win8 Release|x64.Deploy.0 = Win8 Release|x64
		{EAA82D79-FBC7-4C10-AA57-D80E276F1782}.Win8.1 Debug|Win32.ActiveCfg = Win8.1 Debug|Win32
		{EAA82D79-FBC7-4C10-AA57-D80E276F1782}.Win8.1 Debug|Win32.Build.0 = Win8.1 Debug|Win32
		{EAA82D79-FBC7-4C10-AA57-D80E276F1782}.Win8.1 Debug|Win32.Deploy.0 = Win8.1 Debug|Win32
		{EAA82D79-FBC7-4C10-AA57-D80E276F1782}.Win8.1 Debug|x64.ActiveCfg = Win8.1 Debug|x64
		{EAA82D79-FBC7-4C10-AA57-D80E276F1782}.Win8.1 Debug|x64.Build.0 = Win8.1 Debug|x64
		{EAA82D79-FBC7-4C10-AA57-D80E276F1782}.Win8.1 Debug|x64.Deploy.0 = Win8.1 Debug|x64
		{EAA82D79-FBC7-4C10-AA57-D80E276F1782}.Win8.1 Release|Win32.ActiveCfg = Win8.1 Release|Win32
		{EAA82D79-FBC7-4C10-AA57-D80E276F1782}.Win8.1 Release|Win32.Build.0 = Win8.1 Release|Win32
		{EAA82D79-FBC7-4C10-AA57-D80E276F1782}.Win8.1 Release|Win32.Deploy.0 = Win8.1 Release|Win32
		{EAA82D79-FBC7-4C10-AA57-D80E276F1782}.Win8.1 Release|x64.ActiveCfg = Win8.1 Release|x64
		{EAA82D79-FBC7-4C10-AA57-D80E276F1782}.Win8.1 Release|x64.Build.0 = Win8.1 Release|x64
		{EAA82D79-FBC7-4C10-AA57-D80E276F1782}.Win8.1 Release|x64.Deploy.0 = Win8.1 Release|x64
		{A1F67C1C-8649-468D-8E9A-9082D0145512}.Win7 Debug|Win32.ActiveCfg = Win7 Debug|Win32
		{A1F67C1C-8649-468D-8E9A-9082D0145512}.Win7 Debug|Win32.Build.0 = Win7 Debug|Win32
		{A1F67C1C-8649-468D-8E9A-9082D0145512}.Win7 Debug|Win32.Deploy.0 = Win7 Debug|Win32
		{A1F67C1C-8649-468D-8E9A-9082D0145512}.Win7 Debug|x64.ActiveCfg = Win7 Debug|x64
		{A1F67C1C-8649-468D-8E9A-9082D0145512}.Win7 Debug|x64.Build.0 = Win7 Debug|x64
		{A1F67C1C-8649-468D-8E9A-9082D0145512}.Win7 Debug|x64.Deploy.0 = Win7 Debug|x64
		{A1F67C1C-8649-468D-8E9A-9082D0145512}.Win7 Release|Win32.ActiveCfg = Win7 Release|Win32
		{A1F67C1C-8649-468D-8E9A-9082D0145512}.Win7 Release|Win32.Build.0 = Win7 Release|Win32
		{A1F67C1C-8649-468D-8E9A-9082D0145512}.Win7 Release|Win32.Deploy.0 = Win7 Release|Win32
		{A1F67C1C-8649-468D-8E9A-9082D0145512}.Win7 Release|x64.ActiveCfg = Win7 Release|x64
		{A1F67C1C-8649-468D-8E9A-9082D0145512}.Win7 Release|x64.Build.0 = Win7 Release|x64
		{A1F67C1C-8649-468D-8E9A-9082D0145512}.Win7 Release|x64.Deploy.0 = Win7 Release|x64
		{A1F67C1C-8649-468D-8E9A-9082D0145512}.Win8 Debug|Win32.ActiveCfg = Win8 Debug|Win32
		{A1F67C1C-8649-468D-8E9A-9082D0145512}.Win8 Debug|Win32.Build.0 = Win8 Debug|Win32
		{A1F67C1C-8649-468D-8E9A-9082D0145512}.Win8 Debug|Win32.Deploy.0 = Win8 Debug|Win32
		{A1F67C1C-8649-468D-8E9A-9082D0145512}.Win8 Debug|x64.ActiveCfg = Win8 Debug|x64
		{A1F67C1C-8649-468D-8E9A-9082D0145512}.Win8 Debug|x64.Build.0 = Win8 Debug|x64
		{A1F67C1C-8649-468D-8E9A-9082D0145512}.Win8 Debug|x64.Deploy.0 = Win8 Debug|x64
		{A1F67C1C-8649-468D-8E9A-9082D0145512}.Win8 Release|Win32.ActiveCfg = Win8 Release|Win32
		{A1F67C1C-8649-468D-8E9A-9082D0145512}.Win8 Release|Win32.Build.0 = Win8 Release|Win32
		{A1F67C1C-8649-468D-8E9A-9082D0145512}.Win8 Release|Win32.Deploy.0 = Win8 Release|Win32
		{A1F67C1C-8649-468D-8E9A-9082D0145512}.Win8 Release|x64.ActiveCfg = Win8 Release|x64
		{A1F67C1C-8649-468D-8E9A-9082D0145512}.Win8 Release|x64.Build.0 = Win8 Release|x64
		{A1F67C1C-8649-468D-8E9A-9082D0145512}.Win8 Release|x64.Deploy.0 = Win8 Release|x64
		{A1F67C1C-8649-468D-8E9A-9082D0145512}.Win8.1 Debug|Win32.ActiveCfg = Win8.1 Debug|Win32
		{A1F67C1C-8649-468D-8E9A-9082D0145512}.Win8.1 Debug|Win32.Build.0 = Win8.1 Debug|Win32
		{A1F67C1C-8649-468D-8E9A-9082D0145512}.Win8.1 Debug|Win32.Deploy.0 = Win8.1 Debug|Win32
		{A1F67C1C-8649-468D-8E9A-9082D0145512}.Win8.1 Debug|x64.ActiveCfg = Win8.1 Debug|x64
		{A1F67C1C-8649-468D-8E9A-9082D0145512}.Win8.1 Debug|x64.Build.0 = Win8.1 Debug|x64
		{A1F67C1C-8649-468D-8E9A-9082D0145512}.Win8.1 Debug|x64.Deploy.0 = Win8.1 Debug|x64
		{A1F67C1C-8649-468D-8E9A-9082D0145512}.Win8.1 Release|Win32.ActiveCfg = Win8.1 Release|Win32
		{A1F67C1C-8649-468D-8E9A-9082D0145512}.Win8.1 Release|Win32.Build.0 = Win8.1 Release|Win32
		{A1F67C1C-8649-468D-8E9A-9082D0145512}.Win8.1 Release|Win32.Deploy.0 = Win8.1 Release|Win32
		{A1F67C1C-8649-468D-8E9A-9082D0145512}.Win8.1 Release|x64.ActiveCfg = Win8.1 Release|x64
		{A1F67C1C-8649-468D-8E9A-9082D0145512}.Win8.1 Release|x64.Build.0 = Win8.1 Release|x64
		{A1F67C1C-8649-468D-8E9A-9082D0145512}.Win8.1 Release|x64.Deploy.0 = Win8.1 Release|x64
	EndGlobalSection
	GlobalSection(SolutionProperties) = preSolution
		HideSolutionNode = FALSE
	EndGlobalSection
EndGlobal
